
Microsoft Visual Studio Solution File, Format Version 12.00
# Visual Studio Version 17
VisualStudioVersion = 17.10.35122.118
MinimumVisualStudioVersion = 10.0.40219.1
Project("{9A19103F-16F7-4668-BE54-9A1E7A4F7556}") = "LoginSetup", "LoginSetup\LoginSetup.csproj", "{3B70D396-45F8-4029-9002-77D2448D7152}"
EndProject
Global
	GlobalSection(SolutionConfigurationPlatforms) = preSolution
		Debug|Any CPU = Debug|Any CPU
		Release|Any CPU = Release|Any CPU
	EndGlobalSection
	GlobalSection(ProjectConfigurationPlatforms) = postSolution
		{3B70D396-45F8-4029-9002-77D2448D7152}.Debug|Any CPU.ActiveCfg = Debug|Any CPU
		{3B70D396-45F8-4029-9002-77D2448D7152}.Debug|Any CPU.Build.0 = Debug|Any CPU
		{3B70D396-45F8-4029-9002-77D2448D7152}.Release|Any CPU.ActiveCfg = Release|Any CPU
		{3B70D396-45F8-4029-9002-77D2448D7152}.Release|Any CPU.Build.0 = Release|Any CPU
	EndGlobalSection
	GlobalSection(SolutionProperties) = preSolution
		HideSolutionNode = FALSE
	EndGlobalSection
	GlobalSection(ExtensibilityGlobals) = postSolution
		SolutionGuid = {D5300B06-4371-4897-9BA7-5B174F5A10CF}
	EndGlobalSection
EndGlobal
